PODS:
  - Flutter (1.0.0)
  - flutter_profile_list (0.0.1):
    - Flutter

DEPENDENCIES:
  - Flutter (from `Flutter`)
  - flutter_profile_list (from `.symlinks/plugins/flutter_profile_list/ios`)

EXTERNAL SOURCES:
  Flutter:
    :path: Flutter
  flutter_profile_list:
    :path: ".symlinks/plugins/flutter_profile_list/ios"

SPEC CHECKSUMS:
  Flutter: 0e3d915762c693b495b44d77113d4970485de6ec
  flutter_profile_list: b38a4363e0fc85a744faf1f51ce0bd0677b6a3de

PODFILE CHECKSUM: aafe91acc616949ddb318b77800a7f51bffa2a4c

COCOAPODS: 1.9.3
